# THIS IS AN AUTOGENERATED FILE. DO NOT EDIT THIS FILE DIRECTLY.
# yarn lockfile v1


"@liuxsdev/utils@0.1.4":
  version "0.1.4"
  resolved "https://registry.npmjs.org/@liuxsdev/utils/-/utils-0.1.4.tgz#56d88668632317343a120a15dddb99e77160c129"
  integrity sha512-/govbGRMmcEitxP/xrxqNi1DbUXJDb3Et9hFiM7DpN0l9KsFB31+V0G8AGgysXi+m+jV3iBOXI3bDMC1IXrluA==

axios@^0.21.1:
  version "0.21.2"
  resolved "https://registry.yarnpkg.com/axios/-/axios-0.21.2.tgz#21297d5084b2aeeb422f5d38e7be4fbb82239017"
  integrity sha512-87otirqUw3e8CzHTMO+/9kh/FSgXt/eVDvipijwDtEuwbkySWZ9SBm6VEubmJ/kLKEoLQV/POhxXFb66bfekfg==
  dependencies:
    follow-redirects "^1.14.0"

follow-redirects@^1.14.0:
  version "1.14.5"
  resolved "https://registry.yarnpkg.com/follow-redirects/-/follow-redirects-1.14.5.tgz#f09a5848981d3c772b5392309778523f8d85c381"
  integrity sha512-wtphSXy7d4/OR+MvIFbCVBDzZ5520qV8XfPklSN5QtxuMUJZ+b0Wnst1e1lCDocfzuCkHqj8k0FpZqO+UIaKNA==
